
Microsoft Visual Studio Solution File, Format Version 12.00
# Visual Studio Version 17
VisualStudioVersion = 17.0.32014.148
MinimumVisualStudioVersion = 10.0.40219.1
Project("{9A19103F-16F7-4668-BE54-9A1E7A4F7556}") = "HearthMirrorGenerator", "HearthMirrorGenerator\HearthMirrorGenerator.csproj", "{E02E70AD-FE8E-4C64-9A9B-6720FDAF3784}"
EndProject
Project("{FAE04EC0-301F-11D3-BF4B-00C04F79EFBC}") = "QuestOverlayPlugin", "QuestOverlayPlugin\QuestOverlayPlugin.csproj", "{48EAC139-5942-437D-BFD1-01823ACA9930}"
EndProject
Project("{FAE04EC0-301F-11D3-BF4B-00C04F79EFBC}") = "HSReflection", "HSReflection\HSReflection.csproj", "{BE444626-5DDB-4F54-A7AB-C4C45DF80A78}"
EndProject
Project("{9A19103F-16F7-4668-BE54-9A1E7A4F7556}") = "AssetRipperCore", "AssetRipper\AssetRipperCore\AssetRipperCore.csproj", "{63AB26FE-3623-47D5-B6C5-E06EE2BE6460}"
EndProject
Project("{9A19103F-16F7-4668-BE54-9A1E7A4F7556}") = "AssetRipperCommon", "AssetRipper\AssetRipperCommon\AssetRipperCommon.csproj", "{B01944AA-BD81-4C64-96F7-400E1BF2E461}"
EndProject
Project("{9A19103F-16F7-4668-BE54-9A1E7A4F7556}") = "AssetRipperLibrary", "AssetRipper\AssetRipperLibrary\AssetRipperLibrary.csproj", "{18C8C596-EBD2-493C-83B3-3025D6697EE1}"
EndProject
Project("{9A19103F-16F7-4668-BE54-9A1E7A4F7556}") = "Texture2DDecoderWrapper", "AssetRipper\Texture2DDecoderWrapper\Texture2DDecoderWrapper.csproj", "{34D1FCCB-E4CB-4303-92B9-68F383D634B9}"
EndProject
Project("{9A19103F-16F7-4668-BE54-9A1E7A4F7556}") = "Texture2DExtractor", "Texture2DExtractor\Texture2DExtractor.csproj", "{D5EA0269-3B62-4A38-A2E4-0F69B345C8A5}"
EndProject
Project("{9A19103F-16F7-4668-BE54-9A1E7A4F7556}") = "ShaderTextRestorer", "AssetRipper\ShaderTextRestorer\ShaderTextRestorer.csproj", "{0FDFDB0B-AD97-4C1F-B748-E12BBDE506BD}"
EndProject
Project("{9A19103F-16F7-4668-BE54-9A1E7A4F7556}") = "Smolv", "AssetRipper\Smolv\Smolv.csproj", "{0BFDAD41-79B3-41C4-9150-0CD8A75A695F}"
EndProject
Project("{9A19103F-16F7-4668-BE54-9A1E7A4F7556}") = "SpirV", "AssetRipper\SpirV\SpirV.csproj", "{47AAC83B-76CA-4463-8103-593910BFA5D1}"
EndProject
Project("{2150E333-8FDC-42A3-9474-1A3956D46DE8}") = "Workflows", "Workflows", "{70AD2C46-D59D-40C1-9008-1A2CAD76F2BB}"
	ProjectSection(SolutionItems) = preProject
		.github\workflows\release.yml = .github\workflows\release.yml
	EndProjectSection
EndProject
Project("{2150E333-8FDC-42A3-9474-1A3956D46DE8}") = "Scripts", "Scripts", "{7450954D-5D58-4D5E-BEAB-378971713B26}"
	ProjectSection(SolutionItems) = preProject
		.github\workflows\get-version.js = .github\workflows\get-version.js
	EndProjectSection
EndProject
Project("{2150E333-8FDC-42A3-9474-1A3956D46DE8}") = "Github", "Github", "{3C3BBB12-3746-4E9D-9FE3-4961D7A51DC2}"
	ProjectSection(SolutionItems) = preProject
		.gitignore = .gitignore
	EndProjectSection
EndProject
Global
	GlobalSection(SolutionConfigurationPlatforms) = preSolution
		Debug|Any CPU = Debug|Any CPU
		Debug|x64 = Debug|x64
		DebugLinux|Any CPU = DebugLinux|Any CPU
		DebugLinux|x64 = DebugLinux|x64
		DebugMac|Any CPU = DebugMac|Any CPU
		DebugMac|x64 = DebugMac|x64
		DebugWindows|Any CPU = DebugWindows|Any CPU
		DebugWindows|x64 = DebugWindows|x64
		Release|Any CPU = Release|Any CPU
		Release|x64 = Release|x64
		ReleaseLinux|Any CPU = ReleaseLinux|Any CPU
		ReleaseLinux|x64 = ReleaseLinux|x64
		ReleaseMac|Any CPU = ReleaseMac|Any CPU
		ReleaseMac|x64 = ReleaseMac|x64
		ReleaseWindows|Any CPU = ReleaseWindows|Any CPU
		ReleaseWindows|x64 = ReleaseWindows|x64
	EndGlobalSection
	GlobalSection(ProjectConfigurationPlatforms) = postSolution
		{E02E70AD-FE8E-4C64-9A9B-6720FDAF3784}.Debug|Any CPU.ActiveCfg = Debug|Any CPU
		{E02E70AD-FE8E-4C64-9A9B-6720FDAF3784}.Debug|Any CPU.Build.0 = Debug|Any CPU
		{E02E70AD-FE8E-4C64-9A9B-6720FDAF3784}.Debug|x64.ActiveCfg = Debug|Any CPU
		{E02E70AD-FE8E-4C64-9A9B-6720FDAF3784}.Debug|x64.Build.0 = Debug|Any CPU
		{E02E70AD-FE8E-4C64-9A9B-6720FDAF3784}.DebugLinux|Any CPU.ActiveCfg = Debug|Any CPU
		{E02E70AD-FE8E-4C64-9A9B-6720FDAF3784}.DebugLinux|Any CPU.Build.0 = Debug|Any CPU
		{E02E70AD-FE8E-4C64-9A9B-6720FDAF3784}.DebugLinux|x64.ActiveCfg = Debug|Any CPU
		{E02E70AD-FE8E-4C64-9A9B-6720FDAF3784}.DebugLinux|x64.Build.0 = Debug|Any CPU
		{E02E70AD-FE8E-4C64-9A9B-6720FDAF3784}.DebugMac|Any CPU.ActiveCfg = Debug|Any CPU
		{E02E70AD-FE8E-4C64-9A9B-6720FDAF3784}.DebugMac|Any CPU.Build.0 = Debug|Any CPU
		{E02E70AD-FE8E-4C64-9A9B-6720FDAF3784}.DebugMac|x64.ActiveCfg = Debug|Any CPU
		{E02E70AD-FE8E-4C64-9A9B-6720FDAF3784}.DebugMac|x64.Build.0 = Debug|Any CPU
		{E02E70AD-FE8E-4C64-9A9B-6720FDAF3784}.DebugWindows|Any CPU.ActiveCfg = Debug|Any CPU
		{E02E70AD-FE8E-4C64-9A9B-6720FDAF3784}.DebugWindows|Any CPU.Build.0 = Debug|Any CPU
		{E02E70AD-FE8E-4C64-9A9B-6720FDAF3784}.DebugWindows|x64.ActiveCfg = Debug|Any CPU
		{E02E70AD-FE8E-4C64-9A9B-6720FDAF3784}.DebugWindows|x64.Build.0 = Debug|Any CPU
		{E02E70AD-FE8E-4C64-9A9B-6720FDAF3784}.Release|Any CPU.ActiveCfg = Release|Any CPU
		{E02E70AD-FE8E-4C64-9A9B-6720FDAF3784}.Release|Any CPU.Build.0 = Release|Any CPU
		{E02E70AD-FE8E-4C64-9A9B-6720FDAF3784}.Release|x64.ActiveCfg = Release|Any CPU
		{E02E70AD-FE8E-4C64-9A9B-6720FDAF3784}.Release|x64.Build.0 = Release|Any CPU
		{E02E70AD-FE8E-4C64-9A9B-6720FDAF3784}.ReleaseLinux|Any CPU.ActiveCfg = Release|Any CPU
		{E02E70AD-FE8E-4C64-9A9B-6720FDAF3784}.ReleaseLinux|Any CPU.Build.0 = Release|Any CPU
		{E02E70AD-FE8E-4C64-9A9B-6720FDAF3784}.ReleaseLinux|x64.ActiveCfg = Release|Any CPU
		{E02E70AD-FE8E-4C64-9A9B-6720FDAF3784}.ReleaseLinux|x64.Build.0 = Release|Any CPU
		{E02E70AD-FE8E-4C64-9A9B-6720FDAF3784}.ReleaseMac|Any CPU.ActiveCfg = Release|Any CPU
		{E02E70AD-FE8E-4C64-9A9B-6720FDAF3784}.ReleaseMac|Any CPU.Build.0 = Release|Any CPU
		{E02E70AD-FE8E-4C64-9A9B-6720FDAF3784}.ReleaseMac|x64.ActiveCfg = Release|Any CPU
		{E02E70AD-FE8E-4C64-9A9B-6720FDAF3784}.ReleaseMac|x64.Build.0 = Release|Any CPU
		{E02E70AD-FE8E-4C64-9A9B-6720FDAF3784}.ReleaseWindows|Any CPU.ActiveCfg = Release|Any CPU
		{E02E70AD-FE8E-4C64-9A9B-6720FDAF3784}.ReleaseWindows|Any CPU.Build.0 = Release|Any CPU
		{E02E70AD-FE8E-4C64-9A9B-6720FDAF3784}.ReleaseWindows|x64.ActiveCfg = Release|Any CPU
		{E02E70AD-FE8E-4C64-9A9B-6720FDAF3784}.ReleaseWindows|x64.Build.0 = Release|Any CPU
		{48EAC139-5942-437D-BFD1-01823ACA9930}.Debug|Any CPU.ActiveCfg = Debug|Any CPU
		{48EAC139-5942-437D-BFD1-01823ACA9930}.Debug|Any CPU.Build.0 = Debug|Any CPU
		{48EAC139-5942-437D-BFD1-01823ACA9930}.Debug|x64.ActiveCfg = Debug|Any CPU
		{48EAC139-5942-437D-BFD1-01823ACA9930}.Debug|x64.Build.0 = Debug|Any CPU
		{48EAC139-5942-437D-BFD1-01823ACA9930}.DebugLinux|Any CPU.ActiveCfg = Debug|Any CPU
		{48EAC139-5942-437D-BFD1-01823ACA9930}.DebugLinux|Any CPU.Build.0 = Debug|Any CPU
		{48EAC139-5942-437D-BFD1-01823ACA9930}.DebugLinux|x64.ActiveCfg = Debug|Any CPU
		{48EAC139-5942-437D-BFD1-01823ACA9930}.DebugLinux|x64.Build.0 = Debug|Any CPU
		{48EAC139-5942-437D-BFD1-01823ACA9930}.DebugMac|Any CPU.ActiveCfg = Debug|Any CPU
		{48EAC139-5942-437D-BFD1-01823ACA9930}.DebugMac|Any CPU.Build.0 = Debug|Any CPU
		{48EAC139-5942-437D-BFD1-01823ACA9930}.DebugMac|x64.ActiveCfg = Debug|Any CPU
		{48EAC139-5942-437D-BFD1-01823ACA9930}.DebugMac|x64.Build.0 = Debug|Any CPU
		{48EAC139-5942-437D-BFD1-01823ACA9930}.DebugWindows|Any CPU.ActiveCfg = Debug|Any CPU
		{48EAC139-5942-437D-BFD1-01823ACA9930}.DebugWindows|Any CPU.Build.0 = Debug|Any CPU
		{48EAC139-5942-437D-BFD1-01823ACA9930}.DebugWindows|x64.ActiveCfg = Debug|Any CPU
		{48EAC139-5942-437D-BFD1-01823ACA9930}.DebugWindows|x64.Build.0 = Debug|Any CPU
		{48EAC139-5942-437D-BFD1-01823ACA9930}.Release|Any CPU.ActiveCfg = Release|Any CPU
		{48EAC139-5942-437D-BFD1-01823ACA9930}.Release|Any CPU.Build.0 = Release|Any CPU
		{48EAC139-5942-437D-BFD1-01823ACA9930}.Release|x64.ActiveCfg = Release|Any CPU
		{48EAC139-5942-437D-BFD1-01823ACA9930}.Release|x64.Build.0 = Release|Any CPU
		{48EAC139-5942-437D-BFD1-01823ACA9930}.ReleaseLinux|Any CPU.ActiveCfg = Release|Any CPU
		{48EAC139-5942-437D-BFD1-01823ACA9930}.ReleaseLinux|Any CPU.Build.0 = Release|Any CPU
		{48EAC139-5942-437D-BFD1-01823ACA9930}.ReleaseLinux|x64.ActiveCfg = Release|Any CPU
		{48EAC139-5942-437D-BFD1-01823ACA9930}.ReleaseLinux|x64.Build.0 = Release|Any CPU
		{48EAC139-5942-437D-BFD1-01823ACA9930}.ReleaseMac|Any CPU.ActiveCfg = Release|Any CPU
		{48EAC139-5942-437D-BFD1-01823ACA9930}.ReleaseMac|Any CPU.Build.0 = Release|Any CPU
		{48EAC139-5942-437D-BFD1-01823ACA9930}.ReleaseMac|x64.ActiveCfg = Release|Any CPU
		{48EAC139-5942-437D-BFD1-01823ACA9930}.ReleaseMac|x64.Build.0 = Release|Any CPU
		{48EAC139-5942-437D-BFD1-01823ACA9930}.ReleaseWindows|Any CPU.ActiveCfg = Release|Any CPU
		{48EAC139-5942-437D-BFD1-01823ACA9930}.ReleaseWindows|Any CPU.Build.0 = Release|Any CPU
		{48EAC139-5942-437D-BFD1-01823ACA9930}.ReleaseWindows|x64.ActiveCfg = Release|Any CPU
		{48EAC139-5942-437D-BFD1-01823ACA9930}.ReleaseWindows|x64.Build.0 = Release|Any CPU
		{BE444626-5DDB-4F54-A7AB-C4C45DF80A78}.Debug|Any CPU.ActiveCfg = Debug|Any CPU
		{BE444626-5DDB-4F54-A7AB-C4C45DF80A78}.Debug|Any CPU.Build.0 = Debug|Any CPU
		{BE444626-5DDB-4F54-A7AB-C4C45DF80A78}.Debug|x64.ActiveCfg = Debug|Any CPU
		{BE444626-5DDB-4F54-A7AB-C4C45DF80A78}.Debug|x64.Build.0 = Debug|Any CPU
		{BE444626-5DDB-4F54-A7AB-C4C45DF80A78}.DebugLinux|Any CPU.ActiveCfg = Debug|Any CPU
		{BE444626-5DDB-4F54-A7AB-C4C45DF80A78}.DebugLinux|Any CPU.Build.0 = Debug|Any CPU
		{BE444626-5DDB-4F54-A7AB-C4C45DF80A78}.DebugLinux|x64.ActiveCfg = Debug|Any CPU
		{BE444626-5DDB-4F54-A7AB-C4C45DF80A78}.DebugLinux|x64.Build.0 = Debug|Any CPU
		{BE444626-5DDB-4F54-A7AB-C4C45DF80A78}.DebugMac|Any CPU.ActiveCfg = Debug|Any CPU
		{BE444626-5DDB-4F54-A7AB-C4C45DF80A78}.DebugMac|Any CPU.Build.0 = Debug|Any CPU
		{BE444626-5DDB-4F54-A7AB-C4C45DF80A78}.DebugMac|x64.ActiveCfg = Debug|Any CPU
		{BE444626-5DDB-4F54-A7AB-C4C45DF80A78}.DebugMac|x64.Build.0 = Debug|Any CPU
		{BE444626-5DDB-4F54-A7AB-C4C45DF80A78}.DebugWindows|Any CPU.ActiveCfg = Debug|Any CPU
		{BE444626-5DDB-4F54-A7AB-C4C45DF80A78}.DebugWindows|Any CPU.Build.0 = Debug|Any CPU
		{BE444626-5DDB-4F54-A7AB-C4C45DF80A78}.DebugWindows|x64.ActiveCfg = Debug|Any CPU
		{BE444626-5DDB-4F54-A7AB-C4C45DF80A78}.DebugWindows|x64.Build.0 = Debug|Any CPU
		{BE444626-5DDB-4F54-A7AB-C4C45DF80A78}.Release|Any CPU.ActiveCfg = Release|Any CPU
		{BE444626-5DDB-4F54-A7AB-C4C45DF80A78}.Release|Any CPU.Build.0 = Release|Any CPU
		{BE444626-5DDB-4F54-A7AB-C4C45DF80A78}.Release|x64.ActiveCfg = Release|Any CPU
		{BE444626-5DDB-4F54-A7AB-C4C45DF80A78}.Release|x64.Build.0 = Release|Any CPU
		{BE444626-5DDB-4F54-A7AB-C4C45DF80A78}.ReleaseLinux|Any CPU.ActiveCfg = Release|Any CPU
		{BE444626-5DDB-4F54-A7AB-C4C45DF80A78}.ReleaseLinux|Any CPU.Build.0 = Release|Any CPU
		{BE444626-5DDB-4F54-A7AB-C4C45DF80A78}.ReleaseLinux|x64.ActiveCfg = Release|Any CPU
		{BE444626-5DDB-4F54-A7AB-C4C45DF80A78}.ReleaseLinux|x64.Build.0 = Release|Any CPU
		{BE444626-5DDB-4F54-A7AB-C4C45DF80A78}.ReleaseMac|Any CPU.ActiveCfg = Release|Any CPU
		{BE444626-5DDB-4F54-A7AB-C4C45DF80A78}.ReleaseMac|Any CPU.Build.0 = Release|Any CPU
		{BE444626-5DDB-4F54-A7AB-C4C45DF80A78}.ReleaseMac|x64.ActiveCfg = Release|Any CPU
		{BE444626-5DDB-4F54-A7AB-C4C45DF80A78}.ReleaseMac|x64.Build.0 = Release|Any CPU
		{BE444626-5DDB-4F54-A7AB-C4C45DF80A78}.ReleaseWindows|Any CPU.ActiveCfg = Release|Any CPU
		{BE444626-5DDB-4F54-A7AB-C4C45DF80A78}.ReleaseWindows|Any CPU.Build.0 = Release|Any CPU
		{BE444626-5DDB-4F54-A7AB-C4C45DF80A78}.ReleaseWindows|x64.ActiveCfg = Release|Any CPU
		{BE444626-5DDB-4F54-A7AB-C4C45DF80A78}.ReleaseWindows|x64.Build.0 = Release|Any CPU
		{63AB26FE-3623-47D5-B6C5-E06EE2BE6460}.Debug|Any CPU.ActiveCfg = Debug|Any CPU
		{63AB26FE-3623-47D5-B6C5-E06EE2BE6460}.Debug|Any CPU.Build.0 = Debug|Any CPU
		{63AB26FE-3623-47D5-B6C5-E06EE2BE6460}.Debug|x64.ActiveCfg = Debug|Any CPU
		{63AB26FE-3623-47D5-B6C5-E06EE2BE6460}.Debug|x64.Build.0 = Debug|Any CPU
		{63AB26FE-3623-47D5-B6C5-E06EE2BE6460}.DebugLinux|Any CPU.ActiveCfg = Debug|Any CPU
		{63AB26FE-3623-47D5-B6C5-E06EE2BE6460}.DebugLinux|Any CPU.Build.0 = Debug|Any CPU
		{63AB26FE-3623-47D5-B6C5-E06EE2BE6460}.DebugLinux|x64.ActiveCfg = Debug|Any CPU
		{63AB26FE-3623-47D5-B6C5-E06EE2BE6460}.DebugLinux|x64.Build.0 = Debug|Any CPU
		{63AB26FE-3623-47D5-B6C5-E06EE2BE6460}.DebugMac|Any CPU.ActiveCfg = Debug|Any CPU
		{63AB26FE-3623-47D5-B6C5-E06EE2BE6460}.DebugMac|Any CPU.Build.0 = Debug|Any CPU
		{63AB26FE-3623-47D5-B6C5-E06EE2BE6460}.DebugMac|x64.ActiveCfg = Debug|Any CPU
		{63AB26FE-3623-47D5-B6C5-E06EE2BE6460}.DebugMac|x64.Build.0 = Debug|Any CPU
		{63AB26FE-3623-47D5-B6C5-E06EE2BE6460}.DebugWindows|Any CPU.ActiveCfg = Debug|Any CPU
		{63AB26FE-3623-47D5-B6C5-E06EE2BE6460}.DebugWindows|Any CPU.Build.0 = Debug|Any CPU
		{63AB26FE-3623-47D5-B6C5-E06EE2BE6460}.DebugWindows|x64.ActiveCfg = Debug|Any CPU
		{63AB26FE-3623-47D5-B6C5-E06EE2BE6460}.DebugWindows|x64.Build.0 = Debug|Any CPU
		{63AB26FE-3623-47D5-B6C5-E06EE2BE6460}.Release|Any CPU.ActiveCfg = Release|Any CPU
		{63AB26FE-3623-47D5-B6C5-E06EE2BE6460}.Release|Any CPU.Build.0 = Release|Any CPU
		{63AB26FE-3623-47D5-B6C5-E06EE2BE6460}.Release|x64.ActiveCfg = Release|Any CPU
		{63AB26FE-3623-47D5-B6C5-E06EE2BE6460}.Release|x64.Build.0 = Release|Any CPU
		{63AB26FE-3623-47D5-B6C5-E06EE2BE6460}.ReleaseLinux|Any CPU.ActiveCfg = Release|Any CPU
		{63AB26FE-3623-47D5-B6C5-E06EE2BE6460}.ReleaseLinux|Any CPU.Build.0 = Release|Any CPU
		{63AB26FE-3623-47D5-B6C5-E06EE2BE6460}.ReleaseLinux|x64.ActiveCfg = Release|Any CPU
		{63AB26FE-3623-47D5-B6C5-E06EE2BE6460}.ReleaseLinux|x64.Build.0 = Release|Any CPU
		{63AB26FE-3623-47D5-B6C5-E06EE2BE6460}.ReleaseMac|Any CPU.ActiveCfg = Release|Any CPU
		{63AB26FE-3623-47D5-B6C5-E06EE2BE6460}.ReleaseMac|Any CPU.Build.0 = Release|Any CPU
		{63AB26FE-3623-47D5-B6C5-E06EE2BE6460}.ReleaseMac|x64.ActiveCfg = Release|Any CPU
		{63AB26FE-3623-47D5-B6C5-E06EE2BE6460}.ReleaseMac|x64.Build.0 = Release|Any CPU
		{63AB26FE-3623-47D5-B6C5-E06EE2BE6460}.ReleaseWindows|Any CPU.ActiveCfg = Release|Any CPU
		{63AB26FE-3623-47D5-B6C5-E06EE2BE6460}.ReleaseWindows|Any CPU.Build.0 = Release|Any CPU
		{63AB26FE-3623-47D5-B6C5-E06EE2BE6460}.ReleaseWindows|x64.ActiveCfg = Release|Any CPU
		{63AB26FE-3623-47D5-B6C5-E06EE2BE6460}.ReleaseWindows|x64.Build.0 = Release|Any CPU
		{B01944AA-BD81-4C64-96F7-400E1BF2E461}.Debug|Any CPU.ActiveCfg = Debug|Any CPU
		{B01944AA-BD81-4C64-96F7-400E1BF2E461}.Debug|Any CPU.Build.0 = Debug|Any CPU
		{B01944AA-BD81-4C64-96F7-400E1BF2E461}.Debug|x64.ActiveCfg = Debug|Any CPU
		{B01944AA-BD81-4C64-96F7-400E1BF2E461}.Debug|x64.Build.0 = Debug|Any CPU
		{B01944AA-BD81-4C64-96F7-400E1BF2E461}.DebugLinux|Any CPU.ActiveCfg = Debug|Any CPU
		{B01944AA-BD81-4C64-96F7-400E1BF2E461}.DebugLinux|Any CPU.Build.0 = Debug|Any CPU
		{B01944AA-BD81-4C64-96F7-400E1BF2E461}.DebugLinux|x64.ActiveCfg = Debug|Any CPU
		{B01944AA-BD81-4C64-96F7-400E1BF2E461}.DebugLinux|x64.Build.0 = Debug|Any CPU
		{B01944AA-BD81-4C64-96F7-400E1BF2E461}.DebugMac|Any CPU.ActiveCfg = Debug|Any CPU
		{B01944AA-BD81-4C64-96F7-400E1BF2E461}.DebugMac|Any CPU.Build.0 = Debug|Any CPU
		{B01944AA-BD81-4C64-96F7-400E1BF2E461}.DebugMac|x64.ActiveCfg = Debug|Any CPU
		{B01944AA-BD81-4C64-96F7-400E1BF2E461}.DebugMac|x64.Build.0 = Debug|Any CPU
		{B01944AA-BD81-4C64-96F7-400E1BF2E461}.DebugWindows|Any CPU.ActiveCfg = Debug|Any CPU
		{B01944AA-BD81-4C64-96F7-400E1BF2E461}.DebugWindows|Any CPU.Build.0 = Debug|Any CPU
		{B01944AA-BD81-4C64-96F7-400E1BF2E461}.DebugWindows|x64.ActiveCfg = Debug|Any CPU
		{B01944AA-BD81-4C64-96F7-400E1BF2E461}.DebugWindows|x64.Build.0 = Debug|Any CPU
		{B01944AA-BD81-4C64-96F7-400E1BF2E461}.Release|Any CPU.ActiveCfg = Release|Any CPU
		{B01944AA-BD81-4C64-96F7-400E1BF2E461}.Release|Any CPU.Build.0 = Release|Any CPU
		{B01944AA-BD81-4C64-96F7-400E1BF2E461}.Release|x64.ActiveCfg = Release|Any CPU
		{B01944AA-BD81-4C64-96F7-400E1BF2E461}.Release|x64.Build.0 = Release|Any CPU
		{B01944AA-BD81-4C64-96F7-400E1BF2E461}.ReleaseLinux|Any CPU.ActiveCfg = Release|Any CPU
		{B01944AA-BD81-4C64-96F7-400E1BF2E461}.ReleaseLinux|Any CPU.Build.0 = Release|Any CPU
		{B01944AA-BD81-4C64-96F7-400E1BF2E461}.ReleaseLinux|x64.ActiveCfg = Release|Any CPU
		{B01944AA-BD81-4C64-96F7-400E1BF2E461}.ReleaseLinux|x64.Build.0 = Release|Any CPU
		{B01944AA-BD81-4C64-96F7-400E1BF2E461}.ReleaseMac|Any CPU.ActiveCfg = Release|Any CPU
		{B01944AA-BD81-4C64-96F7-400E1BF2E461}.ReleaseMac|Any CPU.Build.0 = Release|Any CPU
		{B01944AA-BD81-4C64-96F7-400E1BF2E461}.ReleaseMac|x64.ActiveCfg = Release|Any CPU
		{B01944AA-BD81-4C64-96F7-400E1BF2E461}.ReleaseMac|x64.Build.0 = Release|Any CPU
		{B01944AA-BD81-4C64-96F7-400E1BF2E461}.ReleaseWindows|Any CPU.ActiveCfg = Release|Any CPU
		{B01944AA-BD81-4C64-96F7-400E1BF2E461}.ReleaseWindows|Any CPU.Build.0 = Release|Any CPU
		{B01944AA-BD81-4C64-96F7-400E1BF2E461}.ReleaseWindows|x64.ActiveCfg = Release|Any CPU
		{B01944AA-BD81-4C64-96F7-400E1BF2E461}.ReleaseWindows|x64.Build.0 = Release|Any CPU
		{18C8C596-EBD2-493C-83B3-3025D6697EE1}.Debug|Any CPU.ActiveCfg = DebugWindows|x64
		{18C8C596-EBD2-493C-83B3-3025D6697EE1}.Debug|Any CPU.Build.0 = DebugWindows|x64
		{18C8C596-EBD2-493C-83B3-3025D6697EE1}.Debug|x64.ActiveCfg = DebugWindows|x64
		{18C8C596-EBD2-493C-83B3-3025D6697EE1}.Debug|x64.Build.0 = DebugWindows|x64
		{18C8C596-EBD2-493C-83B3-3025D6697EE1}.DebugLinux|Any CPU.ActiveCfg = DebugLinux|x64
		{18C8C596-EBD2-493C-83B3-3025D6697EE1}.DebugLinux|Any CPU.Build.0 = DebugLinux|x64
		{18C8C596-EBD2-493C-83B3-3025D6697EE1}.DebugLinux|x64.ActiveCfg = DebugLinux|x64
		{18C8C596-EBD2-493C-83B3-3025D6697EE1}.DebugLinux|x64.Build.0 = DebugLinux|x64
		{18C8C596-EBD2-493C-83B3-3025D6697EE1}.DebugMac|Any CPU.ActiveCfg = DebugMac|x64
		{18C8C596-EBD2-493C-83B3-3025D6697EE1}.DebugMac|Any CPU.Build.0 = DebugMac|x64
		{18C8C596-EBD2-493C-83B3-3025D6697EE1}.DebugMac|x64.ActiveCfg = DebugMac|x64
		{18C8C596-EBD2-493C-83B3-3025D6697EE1}.DebugMac|x64.Build.0 = DebugMac|x64
		{18C8C596-EBD2-493C-83B3-3025D6697EE1}.DebugWindows|Any CPU.ActiveCfg = DebugWindows|x64
		{18C8C596-EBD2-493C-83B3-3025D6697EE1}.DebugWindows|Any CPU.Build.0 = DebugWindows|x64
		{18C8C596-EBD2-493C-83B3-3025D6697EE1}.DebugWindows|x64.ActiveCfg = DebugWindows|x64
		{18C8C596-EBD2-493C-83B3-3025D6697EE1}.DebugWindows|x64.Build.0 = DebugWindows|x64
		{18C8C596-EBD2-493C-83B3-3025D6697EE1}.Release|Any CPU.ActiveCfg = DebugWindows|x64
		{18C8C596-EBD2-493C-83B3-3025D6697EE1}.Release|Any CPU.Build.0 = DebugWindows|x64
		{18C8C596-EBD2-493C-83B3-3025D6697EE1}.Release|x64.ActiveCfg = ReleaseWindows|x64
		{18C8C596-EBD2-493C-83B3-3025D6697EE1}.Release|x64.Build.0 = ReleaseWindows|x64
		{18C8C596-EBD2-493C-83B3-3025D6697EE1}.ReleaseLinux|Any CPU.ActiveCfg = ReleaseLinux|x64
		{18C8C596-EBD2-493C-83B3-3025D6697EE1}.ReleaseLinux|Any CPU.Build.0 = ReleaseLinux|x64
		{18C8C596-EBD2-493C-83B3-3025D6697EE1}.ReleaseLinux|x64.ActiveCfg = ReleaseLinux|x64
		{18C8C596-EBD2-493C-83B3-3025D6697EE1}.ReleaseLinux|x64.Build.0 = ReleaseLinux|x64
		{18C8C596-EBD2-493C-83B3-3025D6697EE1}.ReleaseMac|Any CPU.ActiveCfg = ReleaseMac|x64
		{18C8C596-EBD2-493C-83B3-3025D6697EE1}.ReleaseMac|Any CPU.Build.0 = ReleaseMac|x64
		{18C8C596-EBD2-493C-83B3-3025D6697EE1}.ReleaseMac|x64.ActiveCfg = ReleaseMac|x64
		{18C8C596-EBD2-493C-83B3-3025D6697EE1}.ReleaseMac|x64.Build.0 = ReleaseMac|x64
		{18C8C596-EBD2-493C-83B3-3025D6697EE1}.ReleaseWindows|Any CPU.ActiveCfg = ReleaseWindows|x64
		{18C8C596-EBD2-493C-83B3-3025D6697EE1}.ReleaseWindows|Any CPU.Build.0 = ReleaseWindows|x64
		{18C8C596-EBD2-493C-83B3-3025D6697EE1}.ReleaseWindows|x64.ActiveCfg = ReleaseWindows|x64
		{18C8C596-EBD2-493C-83B3-3025D6697EE1}.ReleaseWindows|x64.Build.0 = ReleaseWindows|x64
		{34D1FCCB-E4CB-4303-92B9-68F383D634B9}.Debug|Any CPU.ActiveCfg = DebugWindows|x64
		{34D1FCCB-E4CB-4303-92B9-68F383D634B9}.Debug|Any CPU.Build.0 = DebugWindows|x64
		{34D1FCCB-E4CB-4303-92B9-68F383D634B9}.Debug|x64.ActiveCfg = DebugWindows|x64
		{34D1FCCB-E4CB-4303-92B9-68F383D634B9}.Debug|x64.Build.0 = DebugWindows|x64
		{34D1FCCB-E4CB-4303-92B9-68F383D634B9}.DebugLinux|Any CPU.ActiveCfg = DebugLinux|x64
		{34D1FCCB-E4CB-4303-92B9-68F383D634B9}.DebugLinux|Any CPU.Build.0 = DebugLinux|x64
		{34D1FCCB-E4CB-4303-92B9-68F383D634B9}.DebugLinux|x64.ActiveCfg = DebugLinux|x64
		{34D1FCCB-E4CB-4303-92B9-68F383D634B9}.DebugLinux|x64.Build.0 = DebugLinux|x64
		{34D1FCCB-E4CB-4303-92B9-68F383D634B9}.DebugMac|Any CPU.ActiveCfg = DebugMac|x64
		{34D1FCCB-E4CB-4303-92B9-68F383D634B9}.DebugMac|Any CPU.Build.0 = DebugMac|x64
		{34D1FCCB-E4CB-4303-92B9-68F383D634B9}.DebugMac|x64.ActiveCfg = DebugMac|x64
		{34D1FCCB-E4CB-4303-92B9-68F383D634B9}.DebugMac|x64.Build.0 = DebugMac|x64
		{34D1FCCB-E4CB-4303-92B9-68F383D634B9}.DebugWindows|Any CPU.ActiveCfg = DebugWindows|x64
		{34D1FCCB-E4CB-4303-92B9-68F383D634B9}.DebugWindows|Any CPU.Build.0 = DebugWindows|x64
		{34D1FCCB-E4CB-4303-92B9-68F383D634B9}.DebugWindows|x64.ActiveCfg = DebugWindows|x64
		{34D1FCCB-E4CB-4303-92B9-68F383D634B9}.DebugWindows|x64.Build.0 = DebugWindows|x64
		{34D1FCCB-E4CB-4303-92B9-68F383D634B9}.Release|Any CPU.ActiveCfg = DebugWindows|x64
		{34D1FCCB-E4CB-4303-92B9-68F383D634B9}.Release|Any CPU.Build.0 = DebugWindows|x64
		{34D1FCCB-E4CB-4303-92B9-68F383D634B9}.Release|x64.ActiveCfg = ReleaseWindows|x64
		{34D1FCCB-E4CB-4303-92B9-68F383D634B9}.Release|x64.Build.0 = ReleaseWindows|x64
		{34D1FCCB-E4CB-4303-92B9-68F383D634B9}.ReleaseLinux|Any CPU.ActiveCfg = ReleaseLinux|x64
		{34D1FCCB-E4CB-4303-92B9-68F383D634B9}.ReleaseLinux|Any CPU.Build.0 = ReleaseLinux|x64
		{34D1FCCB-E4CB-4303-92B9-68F383D634B9}.ReleaseLinux|x64.ActiveCfg = ReleaseLinux|x64
		{34D1FCCB-E4CB-4303-92B9-68F383D634B9}.ReleaseLinux|x64.Build.0 = ReleaseLinux|x64
		{34D1FCCB-E4CB-4303-92B9-68F383D634B9}.ReleaseMac|Any CPU.ActiveCfg = ReleaseMac|x64
		{34D1FCCB-E4CB-4303-92B9-68F383D634B9}.ReleaseMac|Any CPU.Build.0 = ReleaseMac|x64
		{34D1FCCB-E4CB-4303-92B9-68F383D634B9}.ReleaseMac|x64.ActiveCfg = ReleaseMac|x64
		{34D1FCCB-E4CB-4303-92B9-68F383D634B9}.ReleaseMac|x64.Build.0 = ReleaseMac|x64
		{34D1FCCB-E4CB-4303-92B9-68F383D634B9}.ReleaseWindows|Any CPU.ActiveCfg = ReleaseWindows|x64
		{34D1FCCB-E4CB-4303-92B9-68F383D634B9}.ReleaseWindows|Any CPU.Build.0 = ReleaseWindows|x64
		{34D1FCCB-E4CB-4303-92B9-68F383D634B9}.ReleaseWindows|x64.ActiveCfg = ReleaseWindows|x64
		{34D1FCCB-E4CB-4303-92B9-68F383D634B9}.ReleaseWindows|x64.Build.0 = ReleaseWindows|x64
		{D5EA0269-3B62-4A38-A2E4-0F69B345C8A5}.Debug|Any CPU.ActiveCfg = Debug|Any CPU
		{D5EA0269-3B62-4A38-A2E4-0F69B345C8A5}.Debug|Any CPU.Build.0 = Debug|Any CPU
		{D5EA0269-3B62-4A38-A2E4-0F69B345C8A5}.Debug|x64.ActiveCfg = Debug|Any CPU
		{D5EA0269-3B62-4A38-A2E4-0F69B345C8A5}.Debug|x64.Build.0 = Debug|Any CPU
		{D5EA0269-3B62-4A38-A2E4-0F69B345C8A5}.DebugLinux|Any CPU.ActiveCfg = Debug|Any CPU
		{D5EA0269-3B62-4A38-A2E4-0F69B345C8A5}.DebugLinux|Any CPU.Build.0 = Debug|Any CPU
		{D5EA0269-3B62-4A38-A2E4-0F69B345C8A5}.DebugLinux|x64.ActiveCfg = Debug|Any CPU
		{D5EA0269-3B62-4A38-A2E4-0F69B345C8A5}.DebugLinux|x64.Build.0 = Debug|Any CPU
		{D5EA0269-3B62-4A38-A2E4-0F69B345C8A5}.DebugMac|Any CPU.ActiveCfg = Debug|Any CPU
		{D5EA0269-3B62-4A38-A2E4-0F69B345C8A5}.DebugMac|Any CPU.Build.0 = Debug|Any CPU
		{D5EA0269-3B62-4A38-A2E4-0F69B345C8A5}.DebugMac|x64.ActiveCfg = Debug|Any CPU
		{D5EA0269-3B62-4A38-A2E4-0F69B345C8A5}.DebugMac|x64.Build.0 = Debug|Any CPU
		{D5EA0269-3B62-4A38-A2E4-0F69B345C8A5}.DebugWindows|Any CPU.ActiveCfg = Debug|Any CPU
		{D5EA0269-3B62-4A38-A2E4-0F69B345C8A5}.DebugWindows|Any CPU.Build.0 = Debug|Any CPU
		{D5EA0269-3B62-4A38-A2E4-0F69B345C8A5}.DebugWindows|x64.ActiveCfg = Debug|Any CPU
		{D5EA0269-3B62-4A38-A2E4-0F69B345C8A5}.DebugWindows|x64.Build.0 = Debug|Any CPU
		{D5EA0269-3B62-4A38-A2E4-0F69B345C8A5}.Release|Any CPU.ActiveCfg = Release|Any CPU
		{D5EA0269-3B62-4A38-A2E4-0F69B345C8A5}.Release|Any CPU.Build.0 = Release|Any CPU
		{D5EA0269-3B62-4A38-A2E4-0F69B345C8A5}.Release|x64.ActiveCfg = Release|Any CPU
		{D5EA0269-3B62-4A38-A2E4-0F69B345C8A5}.Release|x64.Build.0 = Release|Any CPU
		{D5EA0269-3B62-4A38-A2E4-0F69B345C8A5}.ReleaseLinux|Any CPU.ActiveCfg = Release|Any CPU
		{D5EA0269-3B62-4A38-A2E4-0F69B345C8A5}.ReleaseLinux|Any CPU.Build.0 = Release|Any CPU
		{D5EA0269-3B62-4A38-A2E4-0F69B345C8A5}.ReleaseLinux|x64.ActiveCfg = Release|Any CPU
		{D5EA0269-3B62-4A38-A2E4-0F69B345C8A5}.ReleaseLinux|x64.Build.0 = Release|Any CPU
		{D5EA0269-3B62-4A38-A2E4-0F69B345C8A5}.ReleaseMac|Any CPU.ActiveCfg = Release|Any CPU
		{D5EA0269-3B62-4A38-A2E4-0F69B345C8A5}.ReleaseMac|Any CPU.Build.0 = Release|Any CPU
		{D5EA0269-3B62-4A38-A2E4-0F69B345C8A5}.ReleaseMac|x64.ActiveCfg = Release|Any CPU
		{D5EA0269-3B62-4A38-A2E4-0F69B345C8A5}.ReleaseMac|x64.Build.0 = Release|Any CPU
		{D5EA0269-3B62-4A38-A2E4-0F69B345C8A5}.ReleaseWindows|Any CPU.ActiveCfg = Release|Any CPU
		{D5EA0269-3B62-4A38-A2E4-0F69B345C8A5}.ReleaseWindows|Any CPU.Build.0 = Release|Any CPU
		{D5EA0269-3B62-4A38-A2E4-0F69B345C8A5}.ReleaseWindows|x64.ActiveCfg = Release|Any CPU
		{D5EA0269-3B62-4A38-A2E4-0F69B345C8A5}.ReleaseWindows|x64.Build.0 = Release|Any CPU
		{0FDFDB0B-AD97-4C1F-B748-E12BBDE506BD}.Debug|Any CPU.ActiveCfg = Debug|Any CPU
		{0FDFDB0B-AD97-4C1F-B748-E12BBDE506BD}.Debug|Any CPU.Build.0 = Debug|Any CPU
		{0FDFDB0B-AD97-4C1F-B748-E12BBDE506BD}.Debug|x64.ActiveCfg = Debug|Any CPU
		{0FDFDB0B-AD97-4C1F-B748-E12BBDE506BD}.Debug|x64.Build.0 = Debug|Any CPU
		{0FDFDB0B-AD97-4C1F-B748-E12BBDE506BD}.DebugLinux|Any CPU.ActiveCfg = Debug|Any CPU
		{0FDFDB0B-AD97-4C1F-B748-E12BBDE506BD}.DebugLinux|Any CPU.Build.0 = Debug|Any CPU
		{0FDFDB0B-AD97-4C1F-B748-E12BBDE506BD}.DebugLinux|x64.ActiveCfg = Debug|Any CPU
		{0FDFDB0B-AD97-4C1F-B748-E12BBDE506BD}.DebugLinux|x64.Build.0 = Debug|Any CPU
		{0FDFDB0B-AD97-4C1F-B748-E12BBDE506BD}.DebugMac|Any CPU.ActiveCfg = Debug|Any CPU
		{0FDFDB0B-AD97-4C1F-B748-E12BBDE506BD}.DebugMac|Any CPU.Build.0 = Debug|Any CPU
		{0FDFDB0B-AD97-4C1F-B748-E12BBDE506BD}.DebugMac|x64.ActiveCfg = Debug|Any CPU
		{0FDFDB0B-AD97-4C1F-B748-E12BBDE506BD}.DebugMac|x64.Build.0 = Debug|Any CPU
		{0FDFDB0B-AD97-4C1F-B748-E12BBDE506BD}.DebugWindows|Any CPU.ActiveCfg = Debug|Any CPU
		{0FDFDB0B-AD97-4C1F-B748-E12BBDE506BD}.DebugWindows|Any CPU.Build.0 = Debug|Any CPU
		{0FDFDB0B-AD97-4C1F-B748-E12BBDE506BD}.DebugWindows|x64.ActiveCfg = Debug|Any CPU
		{0FDFDB0B-AD97-4C1F-B748-E12BBDE506BD}.DebugWindows|x64.Build.0 = Debug|Any CPU
		{0FDFDB0B-AD97-4C1F-B748-E12BBDE506BD}.Release|Any CPU.ActiveCfg = Release|Any CPU
		{0FDFDB0B-AD97-4C1F-B748-E12BBDE506BD}.Release|Any CPU.Build.0 = Release|Any CPU
		{0FDFDB0B-AD97-4C1F-B748-E12BBDE506BD}.Release|x64.ActiveCfg = Release|Any CPU
		{0FDFDB0B-AD97-4C1F-B748-E12BBDE506BD}.Release|x64.Build.0 = Release|Any CPU
		{0FDFDB0B-AD97-4C1F-B748-E12BBDE506BD}.ReleaseLinux|Any CPU.ActiveCfg = Release|Any CPU
		{0FDFDB0B-AD97-4C1F-B748-E12BBDE506BD}.ReleaseLinux|Any CPU.Build.0 = Release|Any CPU
		{0FDFDB0B-AD97-4C1F-B748-E12BBDE506BD}.ReleaseLinux|x64.ActiveCfg = Release|Any CPU
		{0FDFDB0B-AD97-4C1F-B748-E12BBDE506BD}.ReleaseLinux|x64.Build.0 = Release|Any CPU
		{0FDFDB0B-AD97-4C1F-B748-E12BBDE506BD}.ReleaseMac|Any CPU.ActiveCfg = Release|Any CPU
		{0FDFDB0B-AD97-4C1F-B748-E12BBDE506BD}.ReleaseMac|Any CPU.Build.0 = Release|Any CPU
		{0FDFDB0B-AD97-4C1F-B748-E12BBDE506BD}.ReleaseMac|x64.ActiveCfg = Release|Any CPU
		{0FDFDB0B-AD97-4C1F-B748-E12BBDE506BD}.ReleaseMac|x64.Build.0 = Release|Any CPU
		{0FDFDB0B-AD97-4C1F-B748-E12BBDE506BD}.ReleaseWindows|Any CPU.ActiveCfg = Release|Any CPU
		{0FDFDB0B-AD97-4C1F-B748-E12BBDE506BD}.ReleaseWindows|Any CPU.Build.0 = Release|Any CPU
		{0FDFDB0B-AD97-4C1F-B748-E12BBDE506BD}.ReleaseWindows|x64.ActiveCfg = Release|Any CPU
		{0FDFDB0B-AD97-4C1F-B748-E12BBDE506BD}.ReleaseWindows|x64.Build.0 = Release|Any CPU
		{0BFDAD41-79B3-41C4-9150-0CD8A75A695F}.Debug|Any CPU.ActiveCfg = Debug|Any CPU
		{0BFDAD41-79B3-41C4-9150-0CD8A75A695F}.Debug|Any CPU.Build.0 = Debug|Any CPU
		{0BFDAD41-79B3-41C4-9150-0CD8A75A695F}.Debug|x64.ActiveCfg = Debug|Any CPU
		{0BFDAD41-79B3-41C4-9150-0CD8A75A695F}.Debug|x64.Build.0 = Debug|Any CPU
		{0BFDAD41-79B3-41C4-9150-0CD8A75A695F}.DebugLinux|Any CPU.ActiveCfg = Debug|Any CPU
		{0BFDAD41-79B3-41C4-9150-0CD8A75A695F}.DebugLinux|Any CPU.Build.0 = Debug|Any CPU
		{0BFDAD41-79B3-41C4-9150-0CD8A75A695F}.DebugLinux|x64.ActiveCfg = Debug|Any CPU
		{0BFDAD41-79B3-41C4-9150-0CD8A75A695F}.DebugLinux|x64.Build.0 = Debug|Any CPU
		{0BFDAD41-79B3-41C4-9150-0CD8A75A695F}.DebugMac|Any CPU.ActiveCfg = Debug|Any CPU
		{0BFDAD41-79B3-41C4-9150-0CD8A75A695F}.DebugMac|Any CPU.Build.0 = Debug|Any CPU
		{0BFDAD41-79B3-41C4-9150-0CD8A75A695F}.DebugMac|x64.ActiveCfg = Debug|Any CPU
		{0BFDAD41-79B3-41C4-9150-0CD8A75A695F}.DebugMac|x64.Build.0 = Debug|Any CPU
		{0BFDAD41-79B3-41C4-9150-0CD8A75A695F}.DebugWindows|Any CPU.ActiveCfg = Debug|Any CPU
		{0BFDAD41-79B3-41C4-9150-0CD8A75A695F}.DebugWindows|Any CPU.Build.0 = Debug|Any CPU
		{0BFDAD41-79B3-41C4-9150-0CD8A75A695F}.DebugWindows|x64.ActiveCfg = Debug|Any CPU
		{0BFDAD41-79B3-41C4-9150-0CD8A75A695F}.DebugWindows|x64.Build.0 = Debug|Any CPU
		{0BFDAD41-79B3-41C4-9150-0CD8A75A695F}.Release|Any CPU.ActiveCfg = Release|Any CPU
		{0BFDAD41-79B3-41C4-9150-0CD8A75A695F}.Release|Any CPU.Build.0 = Release|Any CPU
		{0BFDAD41-79B3-41C4-9150-0CD8A75A695F}.Release|x64.ActiveCfg = Release|Any CPU
		{0BFDAD41-79B3-41C4-9150-0CD8A75A695F}.Release|x64.Build.0 = Release|Any CPU
		{0BFDAD41-79B3-41C4-9150-0CD8A75A695F}.ReleaseLinux|Any CPU.ActiveCfg = Release|Any CPU
		{0BFDAD41-79B3-41C4-9150-0CD8A75A695F}.ReleaseLinux|Any CPU.Build.0 = Release|Any CPU
		{0BFDAD41-79B3-41C4-9150-0CD8A75A695F}.ReleaseLinux|x64.ActiveCfg = Release|Any CPU
		{0BFDAD41-79B3-41C4-9150-0CD8A75A695F}.ReleaseLinux|x64.Build.0 = Release|Any CPU
		{0BFDAD41-79B3-41C4-9150-0CD8A75A695F}.ReleaseMac|Any CPU.ActiveCfg = Release|Any CPU
		{0BFDAD41-79B3-41C4-9150-0CD8A75A695F}.ReleaseMac|Any CPU.Build.0 = Release|Any CPU
		{0BFDAD41-79B3-41C4-9150-0CD8A75A695F}.ReleaseMac|x64.ActiveCfg = Release|Any CPU
		{0BFDAD41-79B3-41C4-9150-0CD8A75A695F}.ReleaseMac|x64.Build.0 = Release|Any CPU
		{0BFDAD41-79B3-41C4-9150-0CD8A75A695F}.ReleaseWindows|Any CPU.ActiveCfg = Release|Any CPU
		{0BFDAD41-79B3-41C4-9150-0CD8A75A695F}.ReleaseWindows|Any CPU.Build.0 = Release|Any CPU
		{0BFDAD41-79B3-41C4-9150-0CD8A75A695F}.ReleaseWindows|x64.ActiveCfg = Release|Any CPU
		{0BFDAD41-79B3-41C4-9150-0CD8A75A695F}.ReleaseWindows|x64.Build.0 = Release|Any CPU
		{47AAC83B-76CA-4463-8103-593910BFA5D1}.Debug|Any CPU.ActiveCfg = Debug|Any CPU
		{47AAC83B-76CA-4463-8103-593910BFA5D1}.Debug|Any CPU.Build.0 = Debug|Any CPU
		{47AAC83B-76CA-4463-8103-593910BFA5D1}.Debug|x64.ActiveCfg = Debug|Any CPU
		{47AAC83B-76CA-4463-8103-593910BFA5D1}.Debug|x64.Build.0 = Debug|Any CPU
		{47AAC83B-76CA-4463-8103-593910BFA5D1}.DebugLinux|Any CPU.ActiveCfg = Debug|Any CPU
		{47AAC83B-76CA-4463-8103-593910BFA5D1}.DebugLinux|Any CPU.Build.0 = Debug|Any CPU
		{47AAC83B-76CA-4463-8103-593910BFA5D1}.DebugLinux|x64.ActiveCfg = Debug|Any CPU
		{47AAC83B-76CA-4463-8103-593910BFA5D1}.DebugLinux|x64.Build.0 = Debug|Any CPU
		{47AAC83B-76CA-4463-8103-593910BFA5D1}.DebugMac|Any CPU.ActiveCfg = Debug|Any CPU
		{47AAC83B-76CA-4463-8103-593910BFA5D1}.DebugMac|Any CPU.Build.0 = Debug|Any CPU
		{47AAC83B-76CA-4463-8103-593910BFA5D1}.DebugMac|x64.ActiveCfg = Debug|Any CPU
		{47AAC83B-76CA-4463-8103-593910BFA5D1}.DebugMac|x64.Build.0 = Debug|Any CPU
		{47AAC83B-76CA-4463-8103-593910BFA5D1}.DebugWindows|Any CPU.ActiveCfg = Debug|Any CPU
		{47AAC83B-76CA-4463-8103-593910BFA5D1}.DebugWindows|Any CPU.Build.0 = Debug|Any CPU
		{47AAC83B-76CA-4463-8103-593910BFA5D1}.DebugWindows|x64.ActiveCfg = Debug|Any CPU
		{47AAC83B-76CA-4463-8103-593910BFA5D1}.DebugWindows|x64.Build.0 = Debug|Any CPU
		{47AAC83B-76CA-4463-8103-593910BFA5D1}.Release|Any CPU.ActiveCfg = Release|Any CPU
		{47AAC83B-76CA-4463-8103-593910BFA5D1}.Release|Any CPU.Build.0 = Release|Any CPU
		{47AAC83B-76CA-4463-8103-593910BFA5D1}.Release|x64.ActiveCfg = Release|Any CPU
		{47AAC83B-76CA-4463-8103-593910BFA5D1}.Release|x64.Build.0 = Release|Any CPU
		{47AAC83B-76CA-4463-8103-593910BFA5D1}.ReleaseLinux|Any CPU.ActiveCfg = Release|Any CPU
		{47AAC83B-76CA-4463-8103-593910BFA5D1}.ReleaseLinux|Any CPU.Build.0 = Release|Any CPU
		{47AAC83B-76CA-4463-8103-593910BFA5D1}.ReleaseLinux|x64.ActiveCfg = Release|Any CPU
		{47AAC83B-76CA-4463-8103-593910BFA5D1}.ReleaseLinux|x64.Build.0 = Release|Any CPU
		{47AAC83B-76CA-4463-8103-593910BFA5D1}.ReleaseMac|Any CPU.ActiveCfg = Release|Any CPU
		{47AAC83B-76CA-4463-8103-593910BFA5D1}.ReleaseMac|Any CPU.Build.0 = Release|Any CPU
		{47AAC83B-76CA-4463-8103-593910BFA5D1}.ReleaseMac|x64.ActiveCfg = Release|Any CPU
		{47AAC83B-76CA-4463-8103-593910BFA5D1}.ReleaseMac|x64.Build.0 = Release|Any CPU
		{47AAC83B-76CA-4463-8103-593910BFA5D1}.ReleaseWindows|Any CPU.ActiveCfg = Release|Any CPU
		{47AAC83B-76CA-4463-8103-593910BFA5D1}.ReleaseWindows|Any CPU.Build.0 = Release|Any CPU
		{47AAC83B-76CA-4463-8103-593910BFA5D1}.ReleaseWindows|x64.ActiveCfg = Release|Any CPU
		{47AAC83B-76CA-4463-8103-593910BFA5D1}.ReleaseWindows|x64.Build.0 = Release|Any CPU
	EndGlobalSection
	GlobalSection(SolutionProperties) = preSolution
		HideSolutionNode = FALSE
	EndGlobalSection
	GlobalSection(NestedProjects) = preSolution
		{70AD2C46-D59D-40C1-9008-1A2CAD76F2BB} = {3C3BBB12-3746-4E9D-9FE3-4961D7A51DC2}
		{7450954D-5D58-4D5E-BEAB-378971713B26} = {70AD2C46-D59D-40C1-9008-1A2CAD76F2BB}
	EndGlobalSection
	GlobalSection(ExtensibilityGlobals) = postSolution
		SolutionGuid = {D24D0C79-260D-4617-9D7F-AD4D97F73CFD}
	EndGlobalSection
EndGlobal
